// !$*UTF8*$!
{
	archiveVersion = 1;
	classes = {
	};
	objectVersion = 46;
	objects = {

/* Begin PBXBuildFile section */
		14C34DAD194769CD00F68707 /* AppDelegate.swift in Sources */ = {isa = PBXBuildFile; fileRef = 14C34DAC194769CD00F68707 /* AppDelegate.swift */; };
		14C34DB0194769CD00F68707 /* swift_gif.xcdatamodeld in Sources */ = {isa = PBXBuildFile; fileRef = 14C34DAE194769CD00F68707 /* swift_gif.xcdatamodeld */; };
		14C34DB2194769CD00F68707 /* Images.xcassets in Resources */ = {isa = PBXBuildFile; fileRef = 14C34DB1194769CD00F68707 /* Images.xcassets */; };
		14C34DBE194769CD00F68707 /* swift_gifTests.swift in Sources */ = {isa = PBXBuildFile; fileRef = 14C34DBD194769CD00F68707 /* swift_gifTests.swift */; };
		14C34DC8194769E100F68707 /* RootViewController.swift in Sources */ = {isa = PBXBuildFile; fileRef = 14C34DC7194769E100F68707 /* RootViewController.swift */; };
/* End PBXBuildFile section */

/* Begin PBXContainerItemProxy section */
		14C34DB8194769CD00F68707 /* PBXContainerItemProxy */ = {
			isa = PBXContainerItemProxy;
			containerPortal = 14C34D9F194769CD00F68707 /* Project object */;
			proxyType = 1;
			remoteGlobalIDString = 14C34DA6194769CD00F68707;
			remoteInfo = "swift-gif";
		};
/* End PBXContainerItemProxy section */

/* Begin PBXFileReference section */
		14C34DA7194769CD00F68707 /* swift-gif.app */ = {isa = PBXFileReference; explicitFileType = wrapper.application; includeInIndex = 0; path = "swift-gif.app"; sourceTree = BUILT_PRODUCTS_DIR; };
		14C34DAB194769CD00F68707 /* Info.plist */ = {isa = PBXFileReference; lastKnownFileType = text.plist.xml; path = Info.plist; sourceTree = "<group>"; };
		14C34DAC194769CD00F68707 /* AppDelegate.swift */ = {isa = PBXFileReference; lastKnownFileType = sourcecode.swift; path = AppDelegate.swift; sourceTree = "<group>"; };
		14C34DAF194769CD00F68707 /* swift_gif.xcdatamodel */ = {isa = PBXFileReference; lastKnownFileType = wrapper.xcdatamodel; path = swift_gif.xcdatamodel; sourceTree = "<group>"; };
		14C34DB1194769CD00F68707 /* Images.xcassets */ = {isa = PBXFileReference; lastKnownFileType = folder.assetcatalog; path = Images.xcassets; sourceTree = "<group>"; };
		14C34DB7194769CD00F68707 /* swift-gifTests.xctest */ = {isa = PBXFileReference; explicitFileType = wrapper.cfbundle; includeInIndex = 0; path = "swift-gifTests.xctest"; sourceTree = BUILT_PRODUCTS_DIR; };
		14C34DBC194769CD00F68707 /* Info.plist */ = {isa = PBXFileReference; lastKnownFileType = text.plist.xml; path = Info.plist; sourceTree = "<group>"; };
		14C34DBD194769CD00F68707 /* swift_gifTests.swift */ = {isa = PBXFileReference; lastKnownFileType = sourcecode.swift; path = swift_gifTests.swift; sourceTree = "<group>"; };
		14C34DC7194769E100F68707 /* RootViewController.swift */ = {isa = PBXFileReference; fileEncoding = 4; lastKnownFileType = sourcecode.swift; path = RootViewController.swift; sourceTree = "<group>"; };
/* End PBXFileReference section */

/* Begin PBXFrameworksBuildPhase section */
		14C34DA4194769CD00F68707 /* Frameworks */ = {
			isa = PBXFrameworksBuildPhase;
			buildActionMask = 2147483647;
			files = (
			);
			runOnlyForDeploymentPostprocessing = 0;
		};
		14C34DB4194769CD00F68707 /* Frameworks */ = {
			isa = PBXFrameworksBuildPhase;
			buildActionMask = 2147483647;
			files = (
			);
			runOnlyForDeploymentPostprocessing = 0;
		};
/* End PBXFrameworksBuildPhase section */

/* Begin PBXGroup section */
		14C34D9E194769CD00F68707 = {
			isa = PBXGroup;
			children = (
				14C34DA9194769CD00F68707 /* swift-gif */,
				14C34DBA194769CD00F68707 /* swift-gifTests */,
				14C34DA8194769CD00F68707 /* Products */,
			);
			sourceTree = "<group>";
		};
		14C34DA8194769CD00F68707 /* Products */ = {
			isa = PBXGroup;
			children = (
				14C34DA7194769CD00F68707 /* swift-gif.app */,
				14C34DB7194769CD00F68707 /* swift-gifTests.xctest */,
			);
			name = Products;
			sourceTree = "<group>";
		};
		14C34DA9194769CD00F68707 /* swift-gif */ = {
			isa = PBXGroup;
			children = (
				14C34DAC194769CD00F68707 /* AppDelegate.swift */,
				14C34DC7194769E100F68707 /* RootViewController.swift */,
				14C34DB1194769CD00F68707 /* Images.xcassets */,
				14C34DAE194769CD00F68707 /* swift_gif.xcdatamodeld */,
				14C34DAA194769CD00F68707 /* Supporting Files */,
			);
			path = "swift-gif";
			sourceTree = "<group>";
		};
		14C34DAA194769CD00F68707 /* Supporting Files */ = {
			isa = PBXGroup;
			children = (
				14C34DAB194769CD00F68707 /* Info.plist */,
			);
			name = "Supporting Files";
			sourceTree = "<group>";
		};
		14C34DBA194769CD00F68707 /* swift-gifTests */ = {
			isa = PBXGroup;
			children = (
				14C34DBD194769CD00F68707 /* swift_gifTests.swift */,
				14C34DBB194769CD00F68707 /* Supporting Files */,
			);
			path = "swift-gifTests";
			sourceTree = "<group>";
		};
		14C34DBB194769CD00F68707 /* Supporting Files */ = {
			isa = PBXGroup;
			children = (
				14C34DBC194769CD00F68707 /* Info.plist */,
			);
			name = "Supporting Files";
			sourceTree = "<group>";
		};
/* End PBXGroup section */

/* Begin PBXNativeTarget section */
		14C34DA6194769CD00F68707 /* swift-gif */ = {
			isa = PBXNativeTarget;
			buildConfigurationList = 14C34DC1194769CD00F68707 /* Build configuration list for PBXNativeTarget "swift-gif" */;
			buildPhases = (
				14C34DA3194769CD00F68707 /* Sources */,
				14C34DA4194769CD00F68707 /* Frameworks */,
				14C34DA5194769CD00F68707 /* Resources */,
			);
			buildRules = (
			);
			dependencies = (
			);
			name = "swift-gif";
			productName = "swift-gif";
			productReference = 14C34DA7194769CD00F68707 /* swift-gif.app */;
			productType = "com.apple.product-type.application";
		};
		14C34DB6194769CD00F68707 /* swift-gifTests */ = {
			isa = PBXNativeTarget;
			buildConfigurationList = 14C34DC4194769CD00F68707 /* Build configuration list for PBXNativeTarget "swift-gifTests" */;
			buildPhases = (
				14C34DB3194769CD00F68707 /* Sources */,
				14C34DB4194769CD00F68707 /* Frameworks */,
				14C34DB5194769CD00F68707 /* Resources */,
			);
			buildRules = (
			);
			dependencies = (
				14C34DB9194769CD00F68707 /* PBXTargetDependency */,
			);
			name = "swift-gifTests";
			productName = "swift-gifTests";
			productReference = 14C34DB7194769CD00F68707 /* swift-gifTests.xctest */;
			productType = "com.apple.product-type.bundle.unit-test";
		};
/* End PBXNativeTarget section */

/* Begin PBXProject section */
		14C34D9F194769CD00F68707 /* Project object */ = {
			isa = PBXProject;
			attributes = {
				LastUpgradeCheck = 0600;
				ORGANIZATIONNAME = "Arne Bahlo";
				TargetAttributes = {
					14C34DA6194769CD00F68707 = {
						CreatedOnToolsVersion = 6.0;
					};
					14C34DB6194769CD00F68707 = {
						CreatedOnToolsVersion = 6.0;
						TestTargetID = 14C34DA6194769CD00F68707;
					};
				};
			};
			buildConfigurationList = 14C34DA2194769CD00F68707 /* Build configuration list for PBXProject "swift-gif" */;
			compatibilityVersion = "Xcode 3.2";
			developmentRegion = English;
			hasScannedForEncodings = 0;
			knownRegions = (
				en,
			);
			mainGroup = 14C34D9E194769CD00F68707;
			productRefGroup = 14C34DA8194769CD00F68707 /* Products */;
			projectDirPath = "";
			projectRoot = "";
			targets = (
				14C34DA6194769CD00F68707 /* swift-gif */,
				14C34DB6194769CD00F68707 /* swift-gifTests */,
			);
		};
/* End PBXProject section */

/* Begin PBXResourcesBuildPhase section */
		14C34DA5194769CD00F68707 /* Resources */ = {
			isa = PBXResourcesBuildPhase;
			buildActionMask = 2147483647;
			files = (
				14C34DB2194769CD00F68707 /* Images.xcassets in Resources */,
			);
			runOnlyForDeploymentPostprocessing = 0;
		};
		14C34DB5194769CD00F68707 /* Resources */ = {
			isa = PBXResourcesBuildPhase;
			buildActionMask = 2147483647;
			files = (
			);
			runOnlyForDeploymentPostprocessing = 0;
		};
/* End PBXResourcesBuildPhase section */

/* Begin PBXSourcesBuildPhase section */
		14C34DA3194769CD00F68707 /* Sources */ = {
			isa = PBXSourcesBuildPhase;
			buildActionMask = 2147483647;
			files = (
				14C34DB0194769CD00F68707 /* swift_gif.xcdatamodeld in Sources */,
				14C34DAD194769CD00F68707 /* AppDelegate.swift in Sources */,
				14C34DC8194769E100F68707 /* RootViewController.swift in Sources */,
			);
			runOnlyForDeploymentPostprocessing = 0;
		};
		14C34DB3194769CD00F68707 /* Sources */ = {
			isa = PBXSourcesBuildPhase;
			buildActionMask = 2147483647;
			files = (
				14C34DBE194769CD00F68707 /* swift_gifTests.swift in Sources */,
			);
			runOnlyForDeploymentPostprocessing = 0;
		};
/* End PBXSourcesBuildPhase section */

/* Begin PBXTargetDependency section */
		14C34DB9194769CD00F68707 /* PBXTargetDependency */ = {
			isa = PBXTargetDependency;
			target = 14C34DA6194769CD00F68707 /* swift-gif */;
			targetProxy = 14C34DB8194769CD00F68707 /* PBXContainerItemProxy */;
		};
/* End PBXTargetDependency section */

/* Begin XCBuildConfiguration section */
		14C34DBF194769CD00F68707 /* Debug */ = {
			isa = XCBuildConfiguration;
			buildSettings = {
				ALWAYS_SEARCH_USER_PATHS = NO;
				CLANG_CXX_LANGUAGE_STANDARD = "gnu++0x";
				CLANG_CXX_LIBRARY = "libc++";
				CLANG_ENABLE_MODULES = YES;
				CLANG_ENABLE_OBJC_ARC = YES;
				CLANG_WARN_BOOL_CONVERSION = YES;
				CLANG_WARN_CONSTANT_CONVERSION = YES;
				CLANG_WARN_DIRECT_OBJC_ISA_USAGE = YES_ERROR;
				CLANG_WARN_EMPTY_BODY = YES;
				CLANG_WARN_ENUM_CONVERSION = YES;
				CLANG_WARN_INT_CONVERSION = YES;
				CLANG_WARN_OBJC_ROOT_CLASS = YES_ERROR;
				CLANG_WARN_UNREACHABLE_CODE = YES;
				CLANG_WARN__DUPLICATE_METHOD_MATCH = YES;
				"CODE_SIGN_IDENTITY[sdk=iphoneos*]" = "iPhone Developer";
				COPY_PHASE_STRIP = NO;
				ENABLE_STRICT_OBJC_MSGSEND = YES;
				GCC_C_LANGUAGE_STANDARD = gnu99;
				GCC_DYNAMIC_NO_PIC = NO;
				GCC_OPTIMIZATION_LEVEL = 0;
				GCC_PREPROCESSOR_DEFINITIONS = (
					"DEBUG=1",
					"$(inherited)",
				);
				GCC_SYMBOLS_PRIVATE_EXTERN = NO;
				GCC_WARN_64_TO_32_BIT_CONVERSION = YES;
				GCC_WARN_ABOUT_RETURN_TYPE = YES_ERROR;
				GCC_WARN_UNDECLARED_SELECTOR = YES;
				GCC_WARN_UNINITIALIZED_AUTOS = YES_AGGRESSIVE;
				GCC_WARN_UNUSED_FUNCTION = YES;
				GCC_WARN_UNUSED_VARIABLE = YES;
				IPHONEOS_DEPLOYMENT_TARGET = 8.0;
				METAL_ENABLE_DEBUG_INFO = YES;
				ONLY_ACTIVE_ARCH = YES;
				SDKROOT = iphoneos;
				SWIFT_OPTIMIZATION_LEVEL = "-Onone";
			};
			name = Debug;
		};
		14C34DC0194769CD00F68707 /* Release */ = {
			isa = XCBuildConfiguration;
			buildSettings = {
				ALWAYS_SEARCH_USER_PATHS = NO;
				CLANG_CXX_LANGUAGE_STANDARD = "gnu++0x";
				CLANG_CXX_LIBRARY = "libc++";
				CLANG_ENABLE_MODULES = YES;
				CLANG_ENABLE_OBJC_ARC = YES;
				CLANG_WARN_BOOL_CONVERSION = YES;
				CLANG_WARN_CONSTANT_CONVERSION = YES;
				CLANG_WARN_DIRECT_OBJC_ISA_USAGE = YES_ERROR;
				CLANG_WARN_EMPTY_BODY = YES;
				CLANG_WARN_ENUM_CONVERSION = YES;
				CLANG_WARN_INT_CONVERSION = YES;
				CLANG_WARN_OBJC_ROOT_CLASS = YES_ERROR;
				CLANG_WARN_UNREACHABLE_CODE = YES;
				CLANG_WARN__DUPLICATE_METHOD_MATCH = YES;
				"CODE_SIGN_IDENTITY[sdk=iphoneos*]" = "iPhone Developer";
				COPY_PHASE_STRIP = YES;
				ENABLE_NS_ASSERTIONS = NO;
				ENABLE_STRICT_OBJC_MSGSEND = YES;
				GCC_C_LANGUAGE_STANDARD = gnu99;
				GCC_WARN_64_TO_32_BIT_CONVERSION = YES;
				GCC_WARN_ABOUT_RETURN_TYPE = YES_ERROR;
				GCC_WARN_UNDECLARED_SELECTOR = YES;
				GCC_WARN_UNINITIALIZED_AUTOS = YES_AGGRESSIVE;
				GCC_WARN_UNUSED_FUNCTION = YES;
				GCC_WARN_UNUSED_VARIABLE = YES;
				IPHONEOS_DEPLOYMENT_TARGET = 8.0;
				METAL_ENABLE_DEBUG_INFO = NO;
				SDKROOT = iphoneos;
				VALIDATE_PRODUCT = YES;
			};
			name = Release;
		};
		14C34DC2194769CD00F68707 /* Debug */ = {
			isa = XCBuildConfiguration;
			buildSettings = {
				ASSETCATALOG_COMPILER_APPICON_NAME = AppIcon;
				ASSETCATALOG_COMPILER_LAUNCHIMAGE_NAME = LaunchImage;
				INFOPLIST_FILE = "swift-gif/Info.plist";
				LD_RUNPATH_SEARCH_PATHS = "$(inherited) @executable_path/Frameworks";
				PRODUCT_NAME = "$(TARGET_NAME)";
			};
			name = Debug;
		};
		14C34DC3194769CD00F68707 /* Release */ = {
			isa = XCBuildConfiguration;
			buildSettings = {
				ASSETCATALOG_COMPILER_APPICON_NAME = AppIcon;
				ASSETCATALOG_COMPILER_LAUNCHIMAGE_NAME = LaunchImage;
				INFOPLIST_FILE = "swift-gif/Info.plist";
				LD_RUNPATH_SEARCH_PATHS = "$(inherited) @executable_path/Frameworks";
				PRODUCT_NAME = "$(TARGET_NAME)";
			};
			name = Release;
		};
		14C34DC5194769CD00F68707 /* Debug */ = {
			isa = XCBuildConfiguration;
			buildSettings = {
				BUNDLE_LOADER = "$(BUILT_PRODUCTS_DIR)/swift-gif.app/swift-gif";
				FRAMEWORK_SEARCH_PATHS = (
					"$(SDKROOT)/Developer/Library/Frameworks",
					"$(inherited)",
				);
				GCC_PREPROCESSOR_DEFINITIONS = (
					"DEBUG=1",
					"$(inherited)",
				);
				INFOPLIST_FILE = "swift-gifTests/Info.plist";
				LD_RUNPATH_SEARCH_PATHS = "$(inherited) @executable_path/Frameworks @loader_path/Frameworks";
				METAL_ENABLE_DEBUG_INFO = YES;
				PRODUCT_NAME = "$(TARGET_NAME)";
				TEST_HOST = "$(BUNDLE_LOADER)";
			};
			name = Debug;
		};
		14C34DC6194769CD00F68707 /* Release */ = {
			isa = XCBuildConfiguration;
			buildSettings = {
				BUNDLE_LOADER = "$(BUILT_PRODUCTS_DIR)/swift-gif.app/swift-gif";
				FRAMEWORK_SEARCH_PATHS = (
					"$(SDKROOT)/Developer/Library/Frameworks",
					"$(inherited)",
				);
				INFOPLIST_FILE = "swift-gifTests/Info.plist";
				LD_RUNPATH_SEARCH_PATHS = "$(inherited) @executable_path/Frameworks @loader_path/Frameworks";
				METAL_ENABLE_DEBUG_INFO = NO;
				PRODUCT_NAME = "$(TARGET_NAME)";
				TEST_HOST = "$(BUNDLE_LOADER)";
			};
			name = Release;
		};
/* End XCBuildConfiguration section */

/* Begin XCConfigurationList section */
		14C34DA2194769CD00F68707 /* Build configuration list for PBXProject "swift-gif" */ = {
			isa = XCConfigurationList;
			buildConfigurations = (
				14C34DBF194769CD00F68707 /* Debug */,
				14C34DC0194769CD00F68707 /* Release */,
			);
			defaultConfigurationIsVisible = 0;
			defaultConfigurationName = Release;
		};
		14C34DC1194769CD00F68707 /* Build configuration list for PBXNativeTarget "swift-gif" */ = {
			isa = XCConfigurationList;
			buildConfigurations = (
				14C34DC2194769CD00F68707 /* Debug */,
				14C34DC3194769CD00F68707 /* Release */,
			);
			defaultConfigurationIsVisible = 0;
		};
		14C34DC4194769CD00F68707 /* Build configuration list for PBXNativeTarget "swift-gifTests" */ = {
			isa = XCConfigurationList;
			buildConfigurations = (
				14C34DC5194769CD00F68707 /* Debug */,
				14C34DC6194769CD00F68707 /* Release */,
			);
			defaultConfigurationIsVisible = 0;
		};
/* End XCConfigurationList section */

/* Begin XCVersionGroup section */
		14C34DAE194769CD00F68707 /* swift_gif.xcdatamodeld */ = {
			isa = XCVersionGroup;
			children = (
				14C34DAF194769CD00F68707 /* swift_gif.xcdatamodel */,
			);
			currentVersion = 14C34DAF194769CD00F68707 /* swift_gif.xcdatamodel */;
			path = swift_gif.xcdatamodeld;
			sourceTree = "<group>";
			versionGroupType = wrapper.xcdatamodel;
		};
/* End XCVersionGroup section */
	};
	rootObject = 14C34D9F194769CD00F68707 /* Project object */;
}
